
Microsoft Visual Studio Solution File, Format Version 12.00
# Visual Studio 2013
VisualStudioVersion = 12.0.21005.1
MinimumVisualStudioVersion = 10.0.40219.1
Project("{FAE04EC0-301F-11D3-BF4B-00C04F79EFBC}") = "Trabajo Final", "Trabajo Final\Trabajo Final.csproj", "{575C487F-CBCB-4DED-B225-31FA0E02C440}"
EndProject
Project("{FAE04EC0-301F-11D3-BF4B-00C04F79EFBC}") = "EnviarMailYahoo.Test", "EnviarMailYahoo.Test\EnviarMailYahoo.Test.csproj", "{9FA4758F-7C2A-4412-BAD0-5467C93EDF03}"
EndProject
Project("{FAE04EC0-301F-11D3-BF4B-00C04F79EFBC}") = "ObtenerCuentasTest", "ObtenerCuentasTest\ObtenerCuentasTest.csproj", "{6D41B012-3BB7-46E8-8636-90E029103AAB}"
EndProject
Project("{FAE04EC0-301F-11D3-BF4B-00C04F79EFBC}") = "ExportarTest", "ExportarEmlTest\ExportarTest.csproj", "{1554637F-948A-4FF4-BFCE-C9CF2F488738}"
EndProject
Global
	GlobalSection(SolutionConfigurationPlatforms) = preSolution
		CD_ROM|Any CPU = CD_ROM|Any CPU
		Debug|Any CPU = Debug|Any CPU
		DVD-5|Any CPU = DVD-5|Any CPU
		Release|Any CPU = Release|Any CPU
		SingleImage|Any CPU = SingleImage|Any CPU
	EndGlobalSection
	GlobalSection(ProjectConfigurationPlatforms) = postSolution
		{575C487F-CBCB-4DED-B225-31FA0E02C440}.CD_ROM|Any CPU.ActiveCfg = Release|Any CPU
		{575C487F-CBCB-4DED-B225-31FA0E02C440}.CD_ROM|Any CPU.Build.0 = Release|Any CPU
		{575C487F-CBCB-4DED-B225-31FA0E02C440}.Debug|Any CPU.ActiveCfg = Debug|Any CPU
		{575C487F-CBCB-4DED-B225-31FA0E02C440}.Debug|Any CPU.Build.0 = Debug|Any CPU
		{575C487F-CBCB-4DED-B225-31FA0E02C440}.DVD-5|Any CPU.ActiveCfg = Debug|Any CPU
		{575C487F-CBCB-4DED-B225-31FA0E02C440}.DVD-5|Any CPU.Build.0 = Debug|Any CPU
		{575C487F-CBCB-4DED-B225-31FA0E02C440}.Release|Any CPU.ActiveCfg = Release|Any CPU
		{575C487F-CBCB-4DED-B225-31FA0E02C440}.Release|Any CPU.Build.0 = Release|Any CPU
		{575C487F-CBCB-4DED-B225-31FA0E02C440}.SingleImage|Any CPU.ActiveCfg = Release|Any CPU
		{575C487F-CBCB-4DED-B225-31FA0E02C440}.SingleImage|Any CPU.Build.0 = Release|Any CPU
		{9FA4758F-7C2A-4412-BAD0-5467C93EDF03}.CD_ROM|Any CPU.ActiveCfg = Release|Any CPU
		{9FA4758F-7C2A-4412-BAD0-5467C93EDF03}.CD_ROM|Any CPU.Build.0 = Release|Any CPU
		{9FA4758F-7C2A-4412-BAD0-5467C93EDF03}.Debug|Any CPU.ActiveCfg = Debug|Any CPU
		{9FA4758F-7C2A-4412-BAD0-5467C93EDF03}.Debug|Any CPU.Build.0 = Debug|Any CPU
		{9FA4758F-7C2A-4412-BAD0-5467C93EDF03}.DVD-5|Any CPU.ActiveCfg = Debug|Any CPU
		{9FA4758F-7C2A-4412-BAD0-5467C93EDF03}.DVD-5|Any CPU.Build.0 = Debug|Any CPU
		{9FA4758F-7C2A-4412-BAD0-5467C93EDF03}.Release|Any CPU.ActiveCfg = Release|Any CPU
		{9FA4758F-7C2A-4412-BAD0-5467C93EDF03}.Release|Any CPU.Build.0 = Release|Any CPU
		{9FA4758F-7C2A-4412-BAD0-5467C93EDF03}.SingleImage|Any CPU.ActiveCfg = Release|Any CPU
		{9FA4758F-7C2A-4412-BAD0-5467C93EDF03}.SingleImage|Any CPU.Build.0 = Release|Any CPU
		{6D41B012-3BB7-46E8-8636-90E029103AAB}.CD_ROM|Any CPU.ActiveCfg = Release|Any CPU
		{6D41B012-3BB7-46E8-8636-90E029103AAB}.CD_ROM|Any CPU.Build.0 = Release|Any CPU
		{6D41B012-3BB7-46E8-8636-90E029103AAB}.Debug|Any CPU.ActiveCfg = Debug|Any CPU
		{6D41B012-3BB7-46E8-8636-90E029103AAB}.Debug|Any CPU.Build.0 = Debug|Any CPU
		{6D41B012-3BB7-46E8-8636-90E029103AAB}.DVD-5|Any CPU.ActiveCfg = Debug|Any CPU
		{6D41B012-3BB7-46E8-8636-90E029103AAB}.DVD-5|Any CPU.Build.0 = Debug|Any CPU
		{6D41B012-3BB7-46E8-8636-90E029103AAB}.Release|Any CPU.ActiveCfg = Release|Any CPU
		{6D41B012-3BB7-46E8-8636-90E029103AAB}.Release|Any CPU.Build.0 = Release|Any CPU
		{6D41B012-3BB7-46E8-8636-90E029103AAB}.SingleImage|Any CPU.ActiveCfg = Release|Any CPU
		{6D41B012-3BB7-46E8-8636-90E029103AAB}.SingleImage|Any CPU.Build.0 = Release|Any CPU
		{1554637F-948A-4FF4-BFCE-C9CF2F488738}.CD_ROM|Any CPU.ActiveCfg = Release|Any CPU
		{1554637F-948A-4FF4-BFCE-C9CF2F488738}.CD_ROM|Any CPU.Build.0 = Release|Any CPU
		{1554637F-948A-4FF4-BFCE-C9CF2F488738}.Debug|Any CPU.ActiveCfg = Debug|Any CPU
		{1554637F-948A-4FF4-BFCE-C9CF2F488738}.Debug|Any CPU.Build.0 = Debug|Any CPU
		{1554637F-948A-4FF4-BFCE-C9CF2F488738}.DVD-5|Any CPU.ActiveCfg = Debug|Any CPU
		{1554637F-948A-4FF4-BFCE-C9CF2F488738}.DVD-5|Any CPU.Build.0 = Debug|Any CPU
		{1554637F-948A-4FF4-BFCE-C9CF2F488738}.Release|Any CPU.ActiveCfg = Release|Any CPU
		{1554637F-948A-4FF4-BFCE-C9CF2F488738}.Release|Any CPU.Build.0 = Release|Any CPU
		{1554637F-948A-4FF4-BFCE-C9CF2F488738}.SingleImage|Any CPU.ActiveCfg = Release|Any CPU
		{1554637F-948A-4FF4-BFCE-C9CF2F488738}.SingleImage|Any CPU.Build.0 = Release|Any CPU
	EndGlobalSection
	GlobalSection(SolutionProperties) = preSolution
		HideSolutionNode = FALSE
	EndGlobalSection
EndGlobal
