
Microsoft Visual Studio Solution File, Format Version 12.00
# Visual Studio Express 2012 for Windows Desktop
Project("{FAE04EC0-301F-11D3-BF4B-00C04F79EFBC}") = "Trabajo Final", "Trabajo Final\Trabajo Final.csproj", "{575C487F-CBCB-4DED-B225-31FA0E02C440}"
EndProject
Project("{FAE04EC0-301F-11D3-BF4B-00C04F79EFBC}") = "EnviarMailYahoo.Test", "EnviarMailYahoo.Test\EnviarMailYahoo.Test.csproj", "{9FA4758F-7C2A-4412-BAD0-5467C93EDF03}"
EndProject
Global
	GlobalSection(SolutionConfigurationPlatforms) = preSolution
		Debug|Any CPU = Debug|Any CPU
		Release|Any CPU = Release|Any CPU
	EndGlobalSection
	GlobalSection(ProjectConfigurationPlatforms) = postSolution
		{575C487F-CBCB-4DED-B225-31FA0E02C440}.Debug|Any CPU.ActiveCfg = Debug|Any CPU
		{575C487F-CBCB-4DED-B225-31FA0E02C440}.Debug|Any CPU.Build.0 = Debug|Any CPU
		{575C487F-CBCB-4DED-B225-31FA0E02C440}.Release|Any CPU.ActiveCfg = Release|Any CPU
		{575C487F-CBCB-4DED-B225-31FA0E02C440}.Release|Any CPU.Build.0 = Release|Any CPU
		{9FA4758F-7C2A-4412-BAD0-5467C93EDF03}.Debug|Any CPU.ActiveCfg = Debug|Any CPU
		{9FA4758F-7C2A-4412-BAD0-5467C93EDF03}.Debug|Any CPU.Build.0 = Debug|Any CPU
		{9FA4758F-7C2A-4412-BAD0-5467C93EDF03}.Release|Any CPU.ActiveCfg = Release|Any CPU
		{9FA4758F-7C2A-4412-BAD0-5467C93EDF03}.Release|Any CPU.Build.0 = Release|Any CPU
	EndGlobalSection
	GlobalSection(SolutionProperties) = preSolution
		HideSolutionNode = FALSE
	EndGlobalSection
EndGlobal
